
Microsoft Visual Studio Solution File, Format Version 12.00
# Visual Studio Version 17
VisualStudioVersion = 17.12.35707.178
MinimumVisualStudioVersion = 10.0.40219.1
Project("{2150E333-8FDC-42A3-9474-1A3956D46DE8}") = "OopsConcept", "OopsConcept", "{7902495B-885D-427F-96A1-E701109EAFF4}"
EndProject
Project("{2150E333-8FDC-42A3-9474-1A3956D46DE8}") = "Encapsulation", "Encapsulation", "{E1125BEE-9B7D-472D-8C50-1244EC46348C}"
EndProject
Project("{2150E333-8FDC-42A3-9474-1A3956D46DE8}") = "Inheritance", "Inheritance", "{4A8A13A9-EA30-4255-BC04-6002CA7B2721}"
EndProject
Project("{2150E333-8FDC-42A3-9474-1A3956D46DE8}") = "Abstraction", "Abstraction", "{47590877-B41B-40C5-86D2-95432CE5213A}"
EndProject
Project("{2150E333-8FDC-42A3-9474-1A3956D46DE8}") = "Polymorphism", "Polymorphism", "{661477EA-C552-46A5-A6EE-6EB5907ACB66}"
EndProject
Project("{FAE04EC0-301F-11D3-BF4B-00C04F79EFBC}") = "Abstraction", "..\Abstraction\Abstraction\Abstraction.csproj", "{88570B8C-276E-4655-90C8-4E0FC5A53A92}"
EndProject
Project("{FAE04EC0-301F-11D3-BF4B-00C04F79EFBC}") = "Encapsulation", "..\Encapsulation\Encapsulation\Encapsulation.csproj", "{C3E62412-6F5C-4DB6-B201-7D8729F6A188}"
EndProject
Project("{FAE04EC0-301F-11D3-BF4B-00C04F79EFBC}") = "Inheritance", "..\Inheritance\Inheritance\Inheritance.csproj", "{89A68917-F678-48EB-AE03-678B32EFA500}"
EndProject
Project("{FAE04EC0-301F-11D3-BF4B-00C04F79EFBC}") = "Polymorphism", "..\Polymorphism\Polymorphism\Polymorphism.csproj", "{DB8A13CC-E536-4CBA-9459-76823E646C9E}"
EndProject
Project("{2150E333-8FDC-42A3-9474-1A3956D46DE8}") = "NotificationSystem", "NotificationSystem", "{C5925306-6D84-4B06-9882-E193FC400022}"
EndProject
Project("{FAE04EC0-301F-11D3-BF4B-00C04F79EFBC}") = "NotificationSystem", "..\..\NotificationSystem\NotificationSystem\NotificationSystem.csproj", "{F2615955-8B7E-49FE-98C1-031C647F2C75}"
EndProject
Project("{2150E333-8FDC-42A3-9474-1A3956D46DE8}") = "WPF", "WPF", "{60B06AE3-B399-46CD-8C01-D3F22A56EECC}"
EndProject
Project("{2150E333-8FDC-42A3-9474-1A3956D46DE8}") = "WebApiProject", "WebApiProject", "{7394BC81-80B6-45CA-9402-E23CD3F50AA1}"
EndProject
Project("{FAE04EC0-301F-11D3-BF4B-00C04F79EFBC}") = "ControlTemplateApplication", "..\..\WPF\ControlTemplateApp\ControlTemplateApplication\ControlTemplateApplication.csproj", "{9028AE1A-8335-4DEE-8DDE-245C1864F211}"
EndProject
Project("{FAE04EC0-301F-11D3-BF4B-00C04F79EFBC}") = "NZWalk.API", "..\..\WebApiProject\NZWalks\NZWalk.API\NZWalk.API.csproj", "{D0F233BE-D7B5-4CAE-8117-061AB7804B38}"
EndProject
Project("{FAE04EC0-301F-11D3-BF4B-00C04F79EFBC}") = "DataTrigger", "..\..\WPF\DataTriggerApp\DataTrigger\DataTrigger.csproj", "{F87997FD-7366-4775-8AA3-1C04B4FE7691}"
EndProject
Project("{FAE04EC0-301F-11D3-BF4B-00C04F79EFBC}") = "DataTemplate", "..\..\WPF\DataTemplateApp\DataTemplate\DataTemplate.csproj", "{2C713B33-3891-444F-8D67-A9FADCB97504}"
EndProject
Project("{FAE04EC0-301F-11D3-BF4B-00C04F79EFBC}") = "ItemTemplate", "..\..\WPF\ItemTemplateApplication\ItemTemplate\ItemTemplate.csproj", "{0DC499D9-DBA7-4253-9F70-F9E8573642CA}"
EndProject
Project("{FAE04EC0-301F-11D3-BF4B-00C04F79EFBC}") = "ItemPanelTemplate", "..\..\WPF\ItemPanelTemplateApplication\ItemPanelTemplate\ItemPanelTemplate.csproj", "{131F92C8-DBBA-4BCC-9D3E-0465080DE7BB}"
EndProject
Project("{2150E333-8FDC-42A3-9474-1A3956D46DE8}") = "SOLID", "SOLID", "{02EA681E-C7D8-13C7-8484-4AC65E1B71E8}"
EndProject
Project("{2150E333-8FDC-42A3-9474-1A3956D46DE8}") = "1S", "1S", "{ED498B05-56E5-4251-BDF6-AEE187A018A3}"
EndProject
Project("{2150E333-8FDC-42A3-9474-1A3956D46DE8}") = "2O", "2O", "{2C15C15F-F8DA-4287-B605-9DF02AD94194}"
EndProject
Project("{2150E333-8FDC-42A3-9474-1A3956D46DE8}") = "3L", "3L", "{B7D98E55-EC52-4533-8D9E-9B7E6E8ACE2A}"
EndProject
Project("{2150E333-8FDC-42A3-9474-1A3956D46DE8}") = "4I", "4I", "{8DFB7AE1-9AEA-45D1-A44C-D945B3709661}"
EndProject
Project("{2150E333-8FDC-42A3-9474-1A3956D46DE8}") = "5D", "5D", "{3E350E4A-6801-4114-8A3F-5B5755587972}"
EndProject
Project("{FAE04EC0-301F-11D3-BF4B-00C04F79EFBC}") = "S", "..\..\SOLID\1S\S\S.csproj", "{260E0BEF-92A5-4EBF-B86C-93959D8D7738}"
EndProject
Project("{2150E333-8FDC-42A3-9474-1A3956D46DE8}") = "Delegates", "Delegates", "{36D0746A-D426-46E9-BC78-1721437304BA}"
EndProject
Project("{2150E333-8FDC-42A3-9474-1A3956D46DE8}") = "Events", "Events", "{00397EDC-137E-439C-A63E-3F9C1ECA98D1}"
EndProject
Project("{FAE04EC0-301F-11D3-BF4B-00C04F79EFBC}") = "Delegates", "..\DelegatesApplication\Delegates\Delegates.csproj", "{42DCB53F-F79E-410C-B54B-977CEE68A088}"
EndProject
Project("{FAE04EC0-301F-11D3-BF4B-00C04F79EFBC}") = "Events", "..\EventsApplication\Events\Events.csproj", "{BF11BA3A-FFD7-40B7-9A84-13A5D53B4107}"
EndProject
Project("{2150E333-8FDC-42A3-9474-1A3956D46DE8}") = "Singleton", "Singleton", "{F79A2147-A8A4-4774-805B-F47B53D84CEE}"
EndProject
Project("{FAE04EC0-301F-11D3-BF4B-00C04F79EFBC}") = "Singleton", "..\SingletonApplication\Singleton\Singleton.csproj", "{D2E736E0-15DC-4578-9EC6-6F8BF96E5FB7}"
EndProject
Project("{FAE04EC0-301F-11D3-BF4B-00C04F79EFBC}") = "Web.API.Versioning.API", "..\..\WebApiProject\LearnVersioning\Web.API.Versioning.API\Web.API.Versioning.API.csproj", "{7AF64704-4261-4398-B1F9-E0B2F495D684}"
EndProject
Project("{FAE04EC0-301F-11D3-BF4B-00C04F79EFBC}") = "Versioning.API.Nuget", "..\..\WebApiProject\LearnVersioning\Versioning.API.NuGET\Versioning.API.Nuget\Versioning.API.Nuget.csproj", "{04EB6E56-C14F-411C-AC50-5E220417AD67}"
EndProject
Project("{2150E333-8FDC-42A3-9474-1A3956D46DE8}") = "CMS", "CMS", "{27EDDBA5-C66A-4265-B06B-F3652DFFF3D8}"
EndProject
Project("{2150E333-8FDC-42A3-9474-1A3956D46DE8}") = "ClientManagementSystemProject", "ClientManagementSystemProject", "{26786319-6735-419D-8E5A-1AC1D6851AF2}"
EndProject
Project("{2150E333-8FDC-42A3-9474-1A3956D46DE8}") = "Client.Management.API", "Client.Management.API", "{E361A6C3-B3A1-4D9F-9C34-949223E97F1F}"
EndProject
Project("{2150E333-8FDC-42A3-9474-1A3956D46DE8}") = "Client.Management.UI", "Client.Management.UI", "{22234BBC-6781-422E-802D-97082A9B3078}"
EndProject
Project("{FAE04EC0-301F-11D3-BF4B-00C04F79EFBC}") = "Client.Management.API", "..\..\CMS\ClientManagementSystemProject\Client.Management.API\Client.Management.API\Client.Management.API.csproj", "{736C10C0-CCD8-4DC1-A4EB-5899E4EB3D0F}"
EndProject
Project("{2150E333-8FDC-42A3-9474-1A3956D46DE8}") = "NZ.Walk.UI", "NZ.Walk.UI", "{E3AC48A9-C57B-4E81-8D53-C1787F125C0C}"
EndProject
Project("{FAE04EC0-301F-11D3-BF4B-00C04F79EFBC}") = "NZWalks.Web.UI", "..\..\WebApiProject\NZWalks\NZWalk.UI\NZWalks.Web.UI\NZWalks.Web.UI.csproj", "{A2610D5E-A159-45CF-A347-EF7131F84FBB}"
EndProject
Project("{FAE04EC0-301F-11D3-BF4B-00C04F79EFBC}") = "Client.Management.UI", "..\..\CMS\ClientManagementSystemProject\Client.Management.UI\Client.Management.UI\Client.Management.UI.csproj", "{3B2D2DA3-202F-416F-A4C6-B70A8201CE3D}"
EndProject
Project("{2150E333-8FDC-42A3-9474-1A3956D46DE8}") = "EMS", "EMS", "{5AA97186-08B8-4449-A1BF-FBC8B7D4A4B9}"
EndProject
Project("{2150E333-8FDC-42A3-9474-1A3956D46DE8}") = "EmployeeManagementSystem.API", "EmployeeManagementSystem.API", "{19948775-C045-4B75-9622-1E04A4C30121}"
EndProject
Project("{2150E333-8FDC-42A3-9474-1A3956D46DE8}") = "EmployeeManagementSystem.UI", "EmployeeManagementSystem.UI", "{5C7CFC6E-1250-41AA-8C23-6CB2CA828006}"
EndProject
Project("{FAE04EC0-301F-11D3-BF4B-00C04F79EFBC}") = "EMS.API", "..\..\EMS\EmployeeManagementSystem.API\EMS.API\EMS.API.csproj", "{328238A4-87B6-4B67-90F7-864517E45E0F}"
EndProject
Project("{2150E333-8FDC-42A3-9474-1A3956D46DE8}") = "EntityFrameworkCoreRelationships", "EntityFrameworkCoreRelationships", "{385FC587-8048-44B1-84AF-F3653261B014}"
EndProject
Project("{FAE04EC0-301F-11D3-BF4B-00C04F79EFBC}") = "EntityFrameworkCoreRelationship", "..\..\EntityFrameworkCoreRelationships\EntityFrameworkCoreRelationship\EntityFrameworkCoreRelationship.csproj", "{DFEF7A93-6D9C-49A6-B2DE-977701F4920C}"
EndProject
Project("{2150E333-8FDC-42A3-9474-1A3956D46DE8}") = "EmployeeManagementSystem.Authentication", "EmployeeManagementSystem.Authentication", "{E157D80B-0068-426A-BA98-B07D302EE154}"
EndProject
Project("{2150E333-8FDC-42A3-9474-1A3956D46DE8}") = "FacebookGoogleLogin", "FacebookGoogleLogin", "{D43790E0-5E98-4815-861E-F28F77DD8F69}"
EndProject
Global
	GlobalSection(SolutionConfigurationPlatforms) = preSolution
		Debug|Any CPU = Debug|Any CPU
		Release|Any CPU = Release|Any CPU
	EndGlobalSection
	GlobalSection(ProjectConfigurationPlatforms) = postSolution
		{88570B8C-276E-4655-90C8-4E0FC5A53A92}.Debug|Any CPU.ActiveCfg = Debug|Any CPU
		{88570B8C-276E-4655-90C8-4E0FC5A53A92}.Debug|Any CPU.Build.0 = Debug|Any CPU
		{88570B8C-276E-4655-90C8-4E0FC5A53A92}.Release|Any CPU.ActiveCfg = Release|Any CPU
		{88570B8C-276E-4655-90C8-4E0FC5A53A92}.Release|Any CPU.Build.0 = Release|Any CPU
		{C3E62412-6F5C-4DB6-B201-7D8729F6A188}.Debug|Any CPU.ActiveCfg = Debug|Any CPU
		{C3E62412-6F5C-4DB6-B201-7D8729F6A188}.Debug|Any CPU.Build.0 = Debug|Any CPU
		{C3E62412-6F5C-4DB6-B201-7D8729F6A188}.Release|Any CPU.ActiveCfg = Release|Any CPU
		{C3E62412-6F5C-4DB6-B201-7D8729F6A188}.Release|Any CPU.Build.0 = Release|Any CPU
		{89A68917-F678-48EB-AE03-678B32EFA500}.Debug|Any CPU.ActiveCfg = Debug|Any CPU
		{89A68917-F678-48EB-AE03-678B32EFA500}.Debug|Any CPU.Build.0 = Debug|Any CPU
		{89A68917-F678-48EB-AE03-678B32EFA500}.Release|Any CPU.ActiveCfg = Release|Any CPU
		{89A68917-F678-48EB-AE03-678B32EFA500}.Release|Any CPU.Build.0 = Release|Any CPU
		{DB8A13CC-E536-4CBA-9459-76823E646C9E}.Debug|Any CPU.ActiveCfg = Debug|Any CPU
		{DB8A13CC-E536-4CBA-9459-76823E646C9E}.Debug|Any CPU.Build.0 = Debug|Any CPU
		{DB8A13CC-E536-4CBA-9459-76823E646C9E}.Release|Any CPU.ActiveCfg = Release|Any CPU
		{DB8A13CC-E536-4CBA-9459-76823E646C9E}.Release|Any CPU.Build.0 = Release|Any CPU
		{F2615955-8B7E-49FE-98C1-031C647F2C75}.Debug|Any CPU.ActiveCfg = Debug|Any CPU
		{F2615955-8B7E-49FE-98C1-031C647F2C75}.Debug|Any CPU.Build.0 = Debug|Any CPU
		{F2615955-8B7E-49FE-98C1-031C647F2C75}.Release|Any CPU.ActiveCfg = Release|Any CPU
		{F2615955-8B7E-49FE-98C1-031C647F2C75}.Release|Any CPU.Build.0 = Release|Any CPU
		{9028AE1A-8335-4DEE-8DDE-245C1864F211}.Debug|Any CPU.ActiveCfg = Debug|Any CPU
		{9028AE1A-8335-4DEE-8DDE-245C1864F211}.Debug|Any CPU.Build.0 = Debug|Any CPU
		{9028AE1A-8335-4DEE-8DDE-245C1864F211}.Release|Any CPU.ActiveCfg = Release|Any CPU
		{9028AE1A-8335-4DEE-8DDE-245C1864F211}.Release|Any CPU.Build.0 = Release|Any CPU
		{D0F233BE-D7B5-4CAE-8117-061AB7804B38}.Debug|Any CPU.ActiveCfg = Debug|Any CPU
		{D0F233BE-D7B5-4CAE-8117-061AB7804B38}.Debug|Any CPU.Build.0 = Debug|Any CPU
		{D0F233BE-D7B5-4CAE-8117-061AB7804B38}.Release|Any CPU.ActiveCfg = Release|Any CPU
		{D0F233BE-D7B5-4CAE-8117-061AB7804B38}.Release|Any CPU.Build.0 = Release|Any CPU
		{F87997FD-7366-4775-8AA3-1C04B4FE7691}.Debug|Any CPU.ActiveCfg = Debug|Any CPU
		{F87997FD-7366-4775-8AA3-1C04B4FE7691}.Debug|Any CPU.Build.0 = Debug|Any CPU
		{F87997FD-7366-4775-8AA3-1C04B4FE7691}.Release|Any CPU.ActiveCfg = Release|Any CPU
		{F87997FD-7366-4775-8AA3-1C04B4FE7691}.Release|Any CPU.Build.0 = Release|Any CPU
		{2C713B33-3891-444F-8D67-A9FADCB97504}.Debug|Any CPU.ActiveCfg = Debug|Any CPU
		{2C713B33-3891-444F-8D67-A9FADCB97504}.Debug|Any CPU.Build.0 = Debug|Any CPU
		{2C713B33-3891-444F-8D67-A9FADCB97504}.Release|Any CPU.ActiveCfg = Release|Any CPU
		{2C713B33-3891-444F-8D67-A9FADCB97504}.Release|Any CPU.Build.0 = Release|Any CPU
		{0DC499D9-DBA7-4253-9F70-F9E8573642CA}.Debug|Any CPU.ActiveCfg = Debug|Any CPU
		{0DC499D9-DBA7-4253-9F70-F9E8573642CA}.Debug|Any CPU.Build.0 = Debug|Any CPU
		{0DC499D9-DBA7-4253-9F70-F9E8573642CA}.Release|Any CPU.ActiveCfg = Release|Any CPU
		{0DC499D9-DBA7-4253-9F70-F9E8573642CA}.Release|Any CPU.Build.0 = Release|Any CPU
		{131F92C8-DBBA-4BCC-9D3E-0465080DE7BB}.Debug|Any CPU.ActiveCfg = Debug|Any CPU
		{131F92C8-DBBA-4BCC-9D3E-0465080DE7BB}.Debug|Any CPU.Build.0 = Debug|Any CPU
		{131F92C8-DBBA-4BCC-9D3E-0465080DE7BB}.Release|Any CPU.ActiveCfg = Release|Any CPU
		{131F92C8-DBBA-4BCC-9D3E-0465080DE7BB}.Release|Any CPU.Build.0 = Release|Any CPU
		{260E0BEF-92A5-4EBF-B86C-93959D8D7738}.Debug|Any CPU.ActiveCfg = Debug|Any CPU
		{260E0BEF-92A5-4EBF-B86C-93959D8D7738}.Debug|Any CPU.Build.0 = Debug|Any CPU
		{260E0BEF-92A5-4EBF-B86C-93959D8D7738}.Release|Any CPU.ActiveCfg = Release|Any CPU
		{260E0BEF-92A5-4EBF-B86C-93959D8D7738}.Release|Any CPU.Build.0 = Release|Any CPU
		{42DCB53F-F79E-410C-B54B-977CEE68A088}.Debug|Any CPU.ActiveCfg = Debug|Any CPU
		{42DCB53F-F79E-410C-B54B-977CEE68A088}.Debug|Any CPU.Build.0 = Debug|Any CPU
		{42DCB53F-F79E-410C-B54B-977CEE68A088}.Release|Any CPU.ActiveCfg = Release|Any CPU
		{42DCB53F-F79E-410C-B54B-977CEE68A088}.Release|Any CPU.Build.0 = Release|Any CPU
		{BF11BA3A-FFD7-40B7-9A84-13A5D53B4107}.Debug|Any CPU.ActiveCfg = Debug|Any CPU
		{BF11BA3A-FFD7-40B7-9A84-13A5D53B4107}.Debug|Any CPU.Build.0 = Debug|Any CPU
		{BF11BA3A-FFD7-40B7-9A84-13A5D53B4107}.Release|Any CPU.ActiveCfg = Release|Any CPU
		{BF11BA3A-FFD7-40B7-9A84-13A5D53B4107}.Release|Any CPU.Build.0 = Release|Any CPU
		{D2E736E0-15DC-4578-9EC6-6F8BF96E5FB7}.Debug|Any CPU.ActiveCfg = Debug|Any CPU
		{D2E736E0-15DC-4578-9EC6-6F8BF96E5FB7}.Debug|Any CPU.Build.0 = Debug|Any CPU
		{D2E736E0-15DC-4578-9EC6-6F8BF96E5FB7}.Release|Any CPU.ActiveCfg = Release|Any CPU
		{D2E736E0-15DC-4578-9EC6-6F8BF96E5FB7}.Release|Any CPU.Build.0 = Release|Any CPU
		{7AF64704-4261-4398-B1F9-E0B2F495D684}.Debug|Any CPU.ActiveCfg = Debug|Any CPU
		{7AF64704-4261-4398-B1F9-E0B2F495D684}.Debug|Any CPU.Build.0 = Debug|Any CPU
		{7AF64704-4261-4398-B1F9-E0B2F495D684}.Release|Any CPU.ActiveCfg = Release|Any CPU
		{7AF64704-4261-4398-B1F9-E0B2F495D684}.Release|Any CPU.Build.0 = Release|Any CPU
		{04EB6E56-C14F-411C-AC50-5E220417AD67}.Debug|Any CPU.ActiveCfg = Debug|Any CPU
		{04EB6E56-C14F-411C-AC50-5E220417AD67}.Debug|Any CPU.Build.0 = Debug|Any CPU
		{04EB6E56-C14F-411C-AC50-5E220417AD67}.Release|Any CPU.ActiveCfg = Release|Any CPU
		{04EB6E56-C14F-411C-AC50-5E220417AD67}.Release|Any CPU.Build.0 = Release|Any CPU
		{736C10C0-CCD8-4DC1-A4EB-5899E4EB3D0F}.Debug|Any CPU.ActiveCfg = Debug|Any CPU
		{736C10C0-CCD8-4DC1-A4EB-5899E4EB3D0F}.Debug|Any CPU.Build.0 = Debug|Any CPU
		{736C10C0-CCD8-4DC1-A4EB-5899E4EB3D0F}.Release|Any CPU.ActiveCfg = Release|Any CPU
		{736C10C0-CCD8-4DC1-A4EB-5899E4EB3D0F}.Release|Any CPU.Build.0 = Release|Any CPU
		{A2610D5E-A159-45CF-A347-EF7131F84FBB}.Debug|Any CPU.ActiveCfg = Debug|Any CPU
		{A2610D5E-A159-45CF-A347-EF7131F84FBB}.Debug|Any CPU.Build.0 = Debug|Any CPU
		{A2610D5E-A159-45CF-A347-EF7131F84FBB}.Release|Any CPU.ActiveCfg = Release|Any CPU
		{A2610D5E-A159-45CF-A347-EF7131F84FBB}.Release|Any CPU.Build.0 = Release|Any CPU
		{3B2D2DA3-202F-416F-A4C6-B70A8201CE3D}.Debug|Any CPU.ActiveCfg = Debug|Any CPU
		{3B2D2DA3-202F-416F-A4C6-B70A8201CE3D}.Debug|Any CPU.Build.0 = Debug|Any CPU
		{3B2D2DA3-202F-416F-A4C6-B70A8201CE3D}.Release|Any CPU.ActiveCfg = Release|Any CPU
		{3B2D2DA3-202F-416F-A4C6-B70A8201CE3D}.Release|Any CPU.Build.0 = Release|Any CPU
		{328238A4-87B6-4B67-90F7-864517E45E0F}.Debug|Any CPU.ActiveCfg = Debug|Any CPU
		{328238A4-87B6-4B67-90F7-864517E45E0F}.Debug|Any CPU.Build.0 = Debug|Any CPU
		{328238A4-87B6-4B67-90F7-864517E45E0F}.Release|Any CPU.ActiveCfg = Release|Any CPU
		{328238A4-87B6-4B67-90F7-864517E45E0F}.Release|Any CPU.Build.0 = Release|Any CPU
		{DFEF7A93-6D9C-49A6-B2DE-977701F4920C}.Debug|Any CPU.ActiveCfg = Debug|Any CPU
		{DFEF7A93-6D9C-49A6-B2DE-977701F4920C}.Debug|Any CPU.Build.0 = Debug|Any CPU
		{DFEF7A93-6D9C-49A6-B2DE-977701F4920C}.Release|Any CPU.ActiveCfg = Release|Any CPU
		{DFEF7A93-6D9C-49A6-B2DE-977701F4920C}.Release|Any CPU.Build.0 = Release|Any CPU
	EndGlobalSection
	GlobalSection(SolutionProperties) = preSolution
		HideSolutionNode = FALSE
	EndGlobalSection
	GlobalSection(NestedProjects) = preSolution
		{E1125BEE-9B7D-472D-8C50-1244EC46348C} = {7902495B-885D-427F-96A1-E701109EAFF4}
		{4A8A13A9-EA30-4255-BC04-6002CA7B2721} = {7902495B-885D-427F-96A1-E701109EAFF4}
		{47590877-B41B-40C5-86D2-95432CE5213A} = {7902495B-885D-427F-96A1-E701109EAFF4}
		{661477EA-C552-46A5-A6EE-6EB5907ACB66} = {7902495B-885D-427F-96A1-E701109EAFF4}
		{88570B8C-276E-4655-90C8-4E0FC5A53A92} = {47590877-B41B-40C5-86D2-95432CE5213A}
		{C3E62412-6F5C-4DB6-B201-7D8729F6A188} = {E1125BEE-9B7D-472D-8C50-1244EC46348C}
		{89A68917-F678-48EB-AE03-678B32EFA500} = {4A8A13A9-EA30-4255-BC04-6002CA7B2721}
		{DB8A13CC-E536-4CBA-9459-76823E646C9E} = {661477EA-C552-46A5-A6EE-6EB5907ACB66}
		{F2615955-8B7E-49FE-98C1-031C647F2C75} = {C5925306-6D84-4B06-9882-E193FC400022}
		{9028AE1A-8335-4DEE-8DDE-245C1864F211} = {60B06AE3-B399-46CD-8C01-D3F22A56EECC}
		{D0F233BE-D7B5-4CAE-8117-061AB7804B38} = {7394BC81-80B6-45CA-9402-E23CD3F50AA1}
		{F87997FD-7366-4775-8AA3-1C04B4FE7691} = {60B06AE3-B399-46CD-8C01-D3F22A56EECC}
		{2C713B33-3891-444F-8D67-A9FADCB97504} = {60B06AE3-B399-46CD-8C01-D3F22A56EECC}
		{0DC499D9-DBA7-4253-9F70-F9E8573642CA} = {60B06AE3-B399-46CD-8C01-D3F22A56EECC}
		{131F92C8-DBBA-4BCC-9D3E-0465080DE7BB} = {60B06AE3-B399-46CD-8C01-D3F22A56EECC}
		{ED498B05-56E5-4251-BDF6-AEE187A018A3} = {02EA681E-C7D8-13C7-8484-4AC65E1B71E8}
		{2C15C15F-F8DA-4287-B605-9DF02AD94194} = {02EA681E-C7D8-13C7-8484-4AC65E1B71E8}
		{B7D98E55-EC52-4533-8D9E-9B7E6E8ACE2A} = {02EA681E-C7D8-13C7-8484-4AC65E1B71E8}
		{8DFB7AE1-9AEA-45D1-A44C-D945B3709661} = {02EA681E-C7D8-13C7-8484-4AC65E1B71E8}
		{3E350E4A-6801-4114-8A3F-5B5755587972} = {02EA681E-C7D8-13C7-8484-4AC65E1B71E8}
		{260E0BEF-92A5-4EBF-B86C-93959D8D7738} = {ED498B05-56E5-4251-BDF6-AEE187A018A3}
		{36D0746A-D426-46E9-BC78-1721437304BA} = {7902495B-885D-427F-96A1-E701109EAFF4}
		{00397EDC-137E-439C-A63E-3F9C1ECA98D1} = {7902495B-885D-427F-96A1-E701109EAFF4}
		{42DCB53F-F79E-410C-B54B-977CEE68A088} = {36D0746A-D426-46E9-BC78-1721437304BA}
		{BF11BA3A-FFD7-40B7-9A84-13A5D53B4107} = {00397EDC-137E-439C-A63E-3F9C1ECA98D1}
		{F79A2147-A8A4-4774-805B-F47B53D84CEE} = {7902495B-885D-427F-96A1-E701109EAFF4}
		{D2E736E0-15DC-4578-9EC6-6F8BF96E5FB7} = {F79A2147-A8A4-4774-805B-F47B53D84CEE}
		{7AF64704-4261-4398-B1F9-E0B2F495D684} = {7394BC81-80B6-45CA-9402-E23CD3F50AA1}
		{04EB6E56-C14F-411C-AC50-5E220417AD67} = {7394BC81-80B6-45CA-9402-E23CD3F50AA1}
		{26786319-6735-419D-8E5A-1AC1D6851AF2} = {27EDDBA5-C66A-4265-B06B-F3652DFFF3D8}
		{E361A6C3-B3A1-4D9F-9C34-949223E97F1F} = {26786319-6735-419D-8E5A-1AC1D6851AF2}
		{22234BBC-6781-422E-802D-97082A9B3078} = {26786319-6735-419D-8E5A-1AC1D6851AF2}
		{736C10C0-CCD8-4DC1-A4EB-5899E4EB3D0F} = {E361A6C3-B3A1-4D9F-9C34-949223E97F1F}
		{E3AC48A9-C57B-4E81-8D53-C1787F125C0C} = {7394BC81-80B6-45CA-9402-E23CD3F50AA1}
		{A2610D5E-A159-45CF-A347-EF7131F84FBB} = {E3AC48A9-C57B-4E81-8D53-C1787F125C0C}
		{3B2D2DA3-202F-416F-A4C6-B70A8201CE3D} = {22234BBC-6781-422E-802D-97082A9B3078}
		{19948775-C045-4B75-9622-1E04A4C30121} = {5AA97186-08B8-4449-A1BF-FBC8B7D4A4B9}
		{5C7CFC6E-1250-41AA-8C23-6CB2CA828006} = {5AA97186-08B8-4449-A1BF-FBC8B7D4A4B9}
		{328238A4-87B6-4B67-90F7-864517E45E0F} = {19948775-C045-4B75-9622-1E04A4C30121}
		{DFEF7A93-6D9C-49A6-B2DE-977701F4920C} = {385FC587-8048-44B1-84AF-F3653261B014}
		{E157D80B-0068-426A-BA98-B07D302EE154} = {5AA97186-08B8-4449-A1BF-FBC8B7D4A4B9}
		{D43790E0-5E98-4815-861E-F28F77DD8F69} = {E157D80B-0068-426A-BA98-B07D302EE154}
	EndGlobalSection
	GlobalSection(ExtensibilityGlobals) = postSolution
		SolutionGuid = {FC68D4C1-AC02-44C3-BEC6-F080BABFCD3D}
	EndGlobalSection
EndGlobal
